
Microsoft Visual Studio Solution File, Format Version 12.00
# Visual Studio Version 16
VisualStudioVersion = 16.0.31515.178
MinimumVisualStudioVersion = 10.0.40219.1
Project("{FAE04EC0-301F-11D3-BF4B-00C04F79EFBC}") = "Automapper", "Automapper.csproj", "{0385AAB4-FBB6-4D64-9D61-521EF4E97038}"
EndProject
Global
	GlobalSection(SolutionConfigurationPlatforms) = preSolution
		Debug|Any CPU = Debug|Any CPU
		Release|Any CPU = Release|Any CPU
	EndGlobalSection
	GlobalSection(ProjectConfigurationPlatforms) = postSolution
		{0385AAB4-FBB6-4D64-9D61-521EF4E97038}.Debug|Any CPU.ActiveCfg = Debug|Any CPU
		{0385AAB4-FBB6-4D64-9D61-521EF4E97038}.Debug|Any CPU.Build.0 = Debug|Any CPU
		{0385AAB4-FBB6-4D64-9D61-521EF4E97038}.Release|Any CPU.ActiveCfg = Release|x64
		{0385AAB4-FBB6-4D64-9D61-521EF4E97038}.Release|Any CPU.Build.0 = Release|x64
	EndGlobalSection
	GlobalSection(SolutionProperties) = preSolution
		HideSolutionNode = FALSE
	EndGlobalSection
	GlobalSection(ExtensibilityGlobals) = postSolution
		SolutionGuid = {80ACB5A5-D5F2-474A-8528-BD8708AD9280}
	EndGlobalSection
EndGlobal
